<?xml version="1.0" encoding="utf-8"?>
<Project ToolsVersion="4.0" xmlns="http://schemas.microsoft.com/developer/msbuild/2003">
  <ItemGroup>
    <ClInclude Include="include\resource.h">
      <Filter>headers</Filter>
    </ClInclude>
    <ClInclude Include="include\Application.h">
      <Filter>headers</Filter>
    </ClInclude>
    <ClInclude Include="include\Constants.h">
      <Filter>headers</Filter>
    </ClInclude>
    <ClInclude Include="include\GUIManager.h">
      <Filter>headers</Filter>
    </ClInclude>
    <ClInclude Include="include\ImageLoader.h">
      <Filter>headers</Filter>
    </ClInclude>
    <ClInclude Include="include\ImageManager.h">
      <Filter>headers</Filter>
    </ClInclude>
    <ClInclude Include="include\Utility.h">
      <Filter>headers</Filter>
    </ClInclude>
    <ClInclude Include="include\Command\BlurCommand.h">
      <Filter>headers\commands</Filter>
    </ClInclude>
    <ClInclude Include="include\CommandManager.h">
      <Filter>headers\commands</Filter>
    </ClInclude>
    <ClInclude Include="include\Command\GrayscaleCommand.h">
      <Filter>headers\commands</Filter>
    </ClInclude>
    <ClInclude Include="include\Command\RotateImageCommand.h">
      <Filter>headers\commands</Filter>
    </ClInclude>
    <ClInclude Include="include\Command\ICommand.h">
      <Filter>headers\commands</Filter>
    </ClInclude>
    <ClInclude Include="include\GUI\Bar.h">
      <Filter>headers\gui</Filter>
    </ClInclude>
    <ClInclude Include="include\GUI\Button.h">
      <Filter>headers\gui</Filter>
    </ClInclude>
    <ClInclude Include="include\GUI\GUIElement.h">
      <Filter>headers\gui</Filter>
    </ClInclude>
  </ItemGroup>
  <ItemGroup>
    <Filter Include="headers">
      <UniqueIdentifier>{619005d2-836c-4add-91d6-115836f1c02c}</UniqueIdentifier>
    </Filter>
    <Filter Include="headers\commands">
      <UniqueIdentifier>{93f1e37f-65db-4216-9771-47282b1d8e04}</UniqueIdentifier>
    </Filter>
    <Filter Include="headers\gui">
      <UniqueIdentifier>{d073f96b-4c2e-4f09-895b-74b3f8472aa8}</UniqueIdentifier>
    </Filter>
    <Filter Include="src">
      <UniqueIdentifier>{be1ea898-7cd2-4e36-94fc-c7c8cf3d90d8}</UniqueIdentifier>
    </Filter>
    <Filter Include="src\gui">
      <UniqueIdentifier>{577ee9e2-1865-4be9-a0ff-c5cc008eb2e6}</UniqueIdentifier>
    </Filter>
    <Filter Include="src\commands">
      <UniqueIdentifier>{ecf9cd37-05d8-47e8-af8d-4edc351f1d51}</UniqueIdentifier>
    </Filter>
  </ItemGroup>
  <ItemGroup>
    <ClCompile Include="src\GUI\Bar.cpp">
      <Filter>src\gui</Filter>
    </ClCompile>
    <ClCompile Include="src\GUI\Button.cpp">
      <Filter>src\gui</Filter>
    </ClCompile>
    <ClCompile Include="src\GUI\GUIElement.cpp">
      <Filter>src\gui</Filter>
    </ClCompile>
    <ClCompile Include="src\Command\BlurCommand.cpp">
      <Filter>src\commands</Filter>
    </ClCompile>
    <ClCompile Include="src\Command\GrayscaleCommand.cpp">
      <Filter>src\commands</Filter>
    </ClCompile>
    <ClCompile Include="src\Command\ICommand.cpp">
      <Filter>src\commands</Filter>
    </ClCompile>
    <ClCompile Include="src\Command\RotateImageCommand.cpp">
      <Filter>src\commands</Filter>
    </ClCompile>
    <ClCompile Include="src\Application.cpp">
      <Filter>src</Filter>
    </ClCompile>
    <ClCompile Include="src\CommandManager.cpp">
      <Filter>src</Filter>
    </ClCompile>
    <ClCompile Include="src\GUIManager.cpp">
      <Filter>src</Filter>
    </ClCompile>
    <ClCompile Include="src\ImageLoader.cpp">
      <Filter>src</Filter>
    </ClCompile>
    <ClCompile Include="src\ImageManager.cpp">
      <Filter>src</Filter>
    </ClCompile>
    <ClCompile Include="src\Source.cpp">
      <Filter>src</Filter>
    </ClCompile>
    <ClCompile Include="src\Utility.cpp">
      <Filter>src</Filter>
    </ClCompile>
  </ItemGroup>
</Project>